
Microsoft Visual Studio Solution File, Format Version 12.00
# Visual Studio Version 17
VisualStudioVersion = 17.13.35806.99 d17.13
MinimumVisualStudioVersion = 10.0.40219.1
Project("{FAE04EC0-301F-11D3-BF4B-00C04F79EFBC}") = "SealedClass", "SealedClass\SealedClass.csproj", "{68A2848E-E7B8-4B9E-8308-743878B4172C}"
EndProject
Global
	GlobalSection(SolutionConfigurationPlatforms) = preSolution
		Debug|Any CPU = Debug|Any CPU
		Release|Any CPU = Release|Any CPU
	EndGlobalSection
	GlobalSection(ProjectConfigurationPlatforms) = postSolution
		{68A2848E-E7B8-4B9E-8308-743878B4172C}.Debug|Any CPU.ActiveCfg = Debug|Any CPU
		{68A2848E-E7B8-4B9E-8308-743878B4172C}.Debug|Any CPU.Build.0 = Debug|Any CPU
		{68A2848E-E7B8-4B9E-8308-743878B4172C}.Release|Any CPU.ActiveCfg = Release|Any CPU
		{68A2848E-E7B8-4B9E-8308-743878B4172C}.Release|Any CPU.Build.0 = Release|Any CPU
	EndGlobalSection
	GlobalSection(SolutionProperties) = preSolution
		HideSolutionNode = FALSE
	EndGlobalSection
	GlobalSection(ExtensibilityGlobals) = postSolution
		SolutionGuid = {18EE4489-DAAB-49B1-9408-07F6137528A1}
	EndGlobalSection
EndGlobal
